// !$*UTF8*$!
{
	archiveVersion = 1;
	classes = {
	};
	objectVersion = 51;
	objects = {

/* Begin PBXBuildFile section */
		C183CAE826BFBF210074FDE8 /* AppDelegate.swift in Sources */ = {isa = PBXBuildFile; fileRef = C183CAE726BFBF210074FDE8 /* AppDelegate.swift */; };
		C183CAEF26BFBF210074FDE8 /* Main.storyboard in Resources */ = {isa = PBXBuildFile; fileRef = C183CAED26BFBF210074FDE8 /* Main.storyboard */; };
		C183CAF126BFBF230074FDE8 /* Assets.xcassets in Resources */ = {isa = PBXBuildFile; fileRef = C183CAF026BFBF230074FDE8 /* Assets.xcassets */; };
		C183CAF426BFBF230074FDE8 /* LaunchScreen.storyboard in Resources */ = {isa = PBXBuildFile; fileRef = C183CAF226BFBF230074FDE8 /* LaunchScreen.storyboard */; };
		C183CAFF26BFC9280074FDE8 /* HomeViewController.swift in Sources */ = {isa = PBXBuildFile; fileRef = C183CAFE26BFC9280074FDE8 /* HomeViewController.swift */; };
		C183CB0126BFC9320074FDE8 /* ZzimViewController.swift in Sources */ = {isa = PBXBuildFile; fileRef = C183CB0026BFC9320074FDE8 /* ZzimViewController.swift */; };
		C183CB0326BFD0D30074FDE8 /* TabBarController.swift in Sources */ = {isa = PBXBuildFile; fileRef = C183CB0226BFD0D30074FDE8 /* TabBarController.swift */; };
		C183CB0526BFD6310074FDE8 /* Constants.swift in Sources */ = {isa = PBXBuildFile; fileRef = C183CB0426BFD6310074FDE8 /* Constants.swift */; };
		C183CB0E26C003680074FDE8 /* HomeList.swift in Sources */ = {isa = PBXBuildFile; fileRef = C183CB0D26C003680074FDE8 /* HomeList.swift */; };
		C183CB1026C003890074FDE8 /* Banner.swift in Sources */ = {isa = PBXBuildFile; fileRef = C183CB0F26C003890074FDE8 /* Banner.swift */; };
		C183CB1426C0039F0074FDE8 /* Goods.swift in Sources */ = {isa = PBXBuildFile; fileRef = C183CB1326C0039F0074FDE8 /* Goods.swift */; };
		C183CB1626C004200074FDE8 /* HomeListViewModel.swift in Sources */ = {isa = PBXBuildFile; fileRef = C183CB1526C004200074FDE8 /* HomeListViewModel.swift */; };
		C183CB1926C004810074FDE8 /* APIHelper.swift in Sources */ = {isa = PBXBuildFile; fileRef = C183CB1826C004810074FDE8 /* APIHelper.swift */; };
		C183CB1D26C015560074FDE8 /* GoodsCollectionViewCell.swift in Sources */ = {isa = PBXBuildFile; fileRef = C183CB1C26C015560074FDE8 /* GoodsCollectionViewCell.swift */; };
		C183CB1F26C015640074FDE8 /* BannerCollectionViewCell.swift in Sources */ = {isa = PBXBuildFile; fileRef = C183CB1E26C015640074FDE8 /* BannerCollectionViewCell.swift */; };
		C1F744D426C3EEB100C23F1C /* ZzimListSingleton.swift in Sources */ = {isa = PBXBuildFile; fileRef = C1F744D326C3EEB100C23F1C /* ZzimListSingleton.swift */; };
		C1F744D626C41B2300C23F1C /* Util.swift in Sources */ = {isa = PBXBuildFile; fileRef = C1F744D526C41B2300C23F1C /* Util.swift */; };
		D9E68769F6D222AB0708A197 /* Pods_AblyTest.framework in Frameworks */ = {isa = PBXBuildFile; fileRef = 228BCA58291DE1D22F76802C /* Pods_AblyTest.framework */; };
/* End PBXBuildFile section */

/* Begin PBXFileReference section */
		228BCA58291DE1D22F76802C /* Pods_AblyTest.framework */ = {isa = PBXFileReference; explicitFileType = wrapper.framework; includeInIndex = 0; path = Pods_AblyTest.framework; sourceTree = BUILT_PRODUCTS_DIR; };
		532DC6D2276EFE2064975FE3 /* Pods-AblyTest.release.xcconfig */ = {isa = PBXFileReference; includeInIndex = 1; lastKnownFileType = text.xcconfig; name = "Pods-AblyTest.release.xcconfig"; path = "Target Support Files/Pods-AblyTest/Pods-AblyTest.release.xcconfig"; sourceTree = "<group>"; };
		8B27AA5D2D6936A456680FEE /* Pods-AblyTest.debug.xcconfig */ = {isa = PBXFileReference; includeInIndex = 1; lastKnownFileType = text.xcconfig; name = "Pods-AblyTest.debug.xcconfig"; path = "Target Support Files/Pods-AblyTest/Pods-AblyTest.debug.xcconfig"; sourceTree = "<group>"; };
		C183CAE426BFBF210074FDE8 /* AblyTest.app */ = {isa = PBXFileReference; explicitFileType = wrapper.application; includeInIndex = 0; path = AblyTest.app; sourceTree = BUILT_PRODUCTS_DIR; };
		C183CAE726BFBF210074FDE8 /* AppDelegate.swift */ = {isa = PBXFileReference; lastKnownFileType = sourcecode.swift; path = AppDelegate.swift; sourceTree = "<group>"; };
		C183CAEE26BFBF210074FDE8 /* Base */ = {isa = PBXFileReference; lastKnownFileType = file.storyboard; name = Base; path = Base.lproj/Main.storyboard; sourceTree = "<group>"; };
		C183CAF026BFBF230074FDE8 /* Assets.xcassets */ = {isa = PBXFileReference; lastKnownFileType = folder.assetcatalog; path = Assets.xcassets; sourceTree = "<group>"; };
		C183CAF326BFBF230074FDE8 /* Base */ = {isa = PBXFileReference; lastKnownFileType = file.storyboard; name = Base; path = Base.lproj/LaunchScreen.storyboard; sourceTree = "<group>"; };
		C183CAF526BFBF230074FDE8 /* Info.plist */ = {isa = PBXFileReference; lastKnownFileType = text.plist.xml; path = Info.plist; sourceTree = "<group>"; };
		C183CAFE26BFC9280074FDE8 /* HomeViewController.swift */ = {isa = PBXFileReference; lastKnownFileType = sourcecode.swift; path = HomeViewController.swift; sourceTree = "<group>"; };
		C183CB0026BFC9320074FDE8 /* ZzimViewController.swift */ = {isa = PBXFileReference; lastKnownFileType = sourcecode.swift; path = ZzimViewController.swift; sourceTree = "<group>"; };
		C183CB0226BFD0D30074FDE8 /* TabBarController.swift */ = {isa = PBXFileReference; lastKnownFileType = sourcecode.swift; path = TabBarController.swift; sourceTree = "<group>"; };
		C183CB0426BFD6310074FDE8 /* Constants.swift */ = {isa = PBXFileReference; lastKnownFileType = sourcecode.swift; path = Constants.swift; sourceTree = "<group>"; };
		C183CB0D26C003680074FDE8 /* HomeList.swift */ = {isa = PBXFileReference; lastKnownFileType = sourcecode.swift; path = HomeList.swift; sourceTree = "<group>"; };
		C183CB0F26C003890074FDE8 /* Banner.swift */ = {isa = PBXFileReference; lastKnownFileType = sourcecode.swift; path = Banner.swift; sourceTree = "<group>"; };
		C183CB1326C0039F0074FDE8 /* Goods.swift */ = {isa = PBXFileReference; lastKnownFileType = sourcecode.swift; path = Goods.swift; sourceTree = "<group>"; };
		C183CB1526C004200074FDE8 /* HomeListViewModel.swift */ = {isa = PBXFileReference; lastKnownFileType = sourcecode.swift; path = HomeListViewModel.swift; sourceTree = "<group>"; };
		C183CB1826C004810074FDE8 /* APIHelper.swift */ = {isa = PBXFileReference; lastKnownFileType = sourcecode.swift; path = APIHelper.swift; sourceTree = "<group>"; };
		C183CB1C26C015560074FDE8 /* GoodsCollectionViewCell.swift */ = {isa = PBXFileReference; lastKnownFileType = sourcecode.swift; path = GoodsCollectionViewCell.swift; sourceTree = "<group>"; };
		C183CB1E26C015640074FDE8 /* BannerCollectionViewCell.swift */ = {isa = PBXFileReference; lastKnownFileType = sourcecode.swift; path = BannerCollectionViewCell.swift; sourceTree = "<group>"; };
		C1F744D326C3EEB100C23F1C /* ZzimListSingleton.swift */ = {isa = PBXFileReference; lastKnownFileType = sourcecode.swift; path = ZzimListSingleton.swift; sourceTree = "<group>"; };
		C1F744D526C41B2300C23F1C /* Util.swift */ = {isa = PBXFileReference; lastKnownFileType = sourcecode.swift; path = Util.swift; sourceTree = "<group>"; };
/* End PBXFileReference section */

/* Begin PBXFrameworksBuildPhase section */
		C183CAE126BFBF210074FDE8 /* Frameworks */ = {
			isa = PBXFrameworksBuildPhase;
			buildActionMask = 2147483647;
			files = (
				D9E68769F6D222AB0708A197 /* Pods_AblyTest.framework in Frameworks */,
			);
			runOnlyForDeploymentPostprocessing = 0;
		};
/* End PBXFrameworksBuildPhase section */

/* Begin PBXGroup section */
		35A3AA6B990B5D84ADDE9741 /* Frameworks */ = {
			isa = PBXGroup;
			children = (
				228BCA58291DE1D22F76802C /* Pods_AblyTest.framework */,
			);
			name = Frameworks;
			sourceTree = "<group>";
		};
		C183CADB26BFBF210074FDE8 = {
			isa = PBXGroup;
			children = (
				C183CAE626BFBF210074FDE8 /* AblyTest */,
				C183CAE526BFBF210074FDE8 /* Products */,
				E35FE27C3AEF7495D69EB9BB /* Pods */,
				35A3AA6B990B5D84ADDE9741 /* Frameworks */,
			);
			sourceTree = "<group>";
		};
		C183CAE526BFBF210074FDE8 /* Products */ = {
			isa = PBXGroup;
			children = (
				C183CAE426BFBF210074FDE8 /* AblyTest.app */,
			);
			name = Products;
			sourceTree = "<group>";
		};
		C183CAE626BFBF210074FDE8 /* AblyTest */ = {
			isa = PBXGroup;
			children = (
				C183CB0426BFD6310074FDE8 /* Constants.swift */,
				C1F744D526C41B2300C23F1C /* Util.swift */,
				C183CAFD26BFC9080074FDE8 /* ViewControllers */,
				C183CAFC26BFC9000074FDE8 /* ViewModels */,
				C183CAFB26BFC8F50074FDE8 /* Models */,
				C183CB1726C004560074FDE8 /* Network */,
				C183CAE726BFBF210074FDE8 /* AppDelegate.swift */,
				C183CAED26BFBF210074FDE8 /* Main.storyboard */,
				C183CAF026BFBF230074FDE8 /* Assets.xcassets */,
				C183CAF226BFBF230074FDE8 /* LaunchScreen.storyboard */,
				C183CAF526BFBF230074FDE8 /* Info.plist */,
			);
			path = AblyTest;
			sourceTree = "<group>";
		};
		C183CAFB26BFC8F50074FDE8 /* Models */ = {
			isa = PBXGroup;
			children = (
				C183CB0D26C003680074FDE8 /* HomeList.swift */,
				C183CB0F26C003890074FDE8 /* Banner.swift */,
				C183CB1326C0039F0074FDE8 /* Goods.swift */,
			);
			path = Models;
			sourceTree = "<group>";
		};
		C183CAFC26BFC9000074FDE8 /* ViewModels */ = {
			isa = PBXGroup;
			children = (
				C183CB1526C004200074FDE8 /* HomeListViewModel.swift */,
				C1F744D326C3EEB100C23F1C /* ZzimListSingleton.swift */,
			);
			path = ViewModels;
			sourceTree = "<group>";
		};
		C183CAFD26BFC9080074FDE8 /* ViewControllers */ = {
			isa = PBXGroup;
			children = (
				C183CB1B26C015190074FDE8 /* Views */,
				C183CB0226BFD0D30074FDE8 /* TabBarController.swift */,
				C183CAFE26BFC9280074FDE8 /* HomeViewController.swift */,
				C183CB0026BFC9320074FDE8 /* ZzimViewController.swift */,
			);
			path = ViewControllers;
			sourceTree = "<group>";
		};
		C183CB1726C004560074FDE8 /* Network */ = {
			isa = PBXGroup;
			children = (
				C183CB1826C004810074FDE8 /* APIHelper.swift */,
			);
			path = Network;
			sourceTree = "<group>";
		};
		C183CB1B26C015190074FDE8 /* Views */ = {
			isa = PBXGroup;
			children = (
				C183CB1E26C015640074FDE8 /* BannerCollectionViewCell.swift */,
				C183CB1C26C015560074FDE8 /* GoodsCollectionViewCell.swift */,
			);
			path = Views;
			sourceTree = "<group>";
		};
		E35FE27C3AEF7495D69EB9BB /* Pods */ = {
			isa = PBXGroup;
			children = (
				8B27AA5D2D6936A456680FEE /* Pods-AblyTest.debug.xcconfig */,
				532DC6D2276EFE2064975FE3 /* Pods-AblyTest.release.xcconfig */,
			);
			path = Pods;
			sourceTree = "<group>";
		};
/* End PBXGroup section */

/* Begin PBXNativeTarget section */
		C183CAE326BFBF210074FDE8 /* AblyTest */ = {
			isa = PBXNativeTarget;
			buildConfigurationList = C183CAF826BFBF230074FDE8 /* Build configuration list for PBXNativeTarget "AblyTest" */;
			buildPhases = (
				D0F61F7550D4DD6FC2569FF9 /* [CP] Check Pods Manifest.lock */,
				C183CAE026BFBF210074FDE8 /* Sources */,
				C183CAE126BFBF210074FDE8 /* Frameworks */,
				C183CAE226BFBF210074FDE8 /* Resources */,
				A4047F88AF6E7A62A24817A8 /* [CP] Embed Pods Frameworks */,
			);
			buildRules = (
			);
			dependencies = (
			);
			name = AblyTest;
			productName = AblyTest;
			productReference = C183CAE426BFBF210074FDE8 /* AblyTest.app */;
			productType = "com.apple.product-type.application";
		};
/* End PBXNativeTarget section */

/* Begin PBXProject section */
		C183CADC26BFBF210074FDE8 /* Project object */ = {
			isa = PBXProject;
			attributes = {
				LastSwiftUpdateCheck = 1250;
				LastUpgradeCheck = 1250;
				TargetAttributes = {
					C183CAE326BFBF210074FDE8 = {
						CreatedOnToolsVersion = 12.5;
					};
				};
			};
			buildConfigurationList = C183CADF26BFBF210074FDE8 /* Build configuration list for PBXProject "AblyTest" */;
			compatibilityVersion = "Xcode 9.3";
			developmentRegion = en;
			hasScannedForEncodings = 0;
			knownRegions = (
				en,
				Base,
			);
			mainGroup = C183CADB26BFBF210074FDE8;
			productRefGroup = C183CAE526BFBF210074FDE8 /* Products */;
			projectDirPath = "";
			projectRoot = "";
			targets = (
				C183CAE326BFBF210074FDE8 /* AblyTest */,
			);
		};
/* End PBXProject section */

/* Begin PBXResourcesBuildPhase section */
		C183CAE226BFBF210074FDE8 /* Resources */ = {
			isa = PBXResourcesBuildPhase;
			buildActionMask = 2147483647;
			files = (
				C183CAF426BFBF230074FDE8 /* LaunchScreen.storyboard in Resources */,
				C183CAF126BFBF230074FDE8 /* Assets.xcassets in Resources */,
				C183CAEF26BFBF210074FDE8 /* Main.storyboard in Resources */,
			);
			runOnlyForDeploymentPostprocessing = 0;
		};
/* End PBXResourcesBuildPhase section */

/* Begin PBXShellScriptBuildPhase section */
		A4047F88AF6E7A62A24817A8 /* [CP] Embed Pods Frameworks */ = {
			isa = PBXShellScriptBuildPhase;
			buildActionMask = 2147483647;
			files = (
			);
			inputFileListPaths = (
				"${PODS_ROOT}/Target Support Files/Pods-AblyTest/Pods-AblyTest-frameworks-${CONFIGURATION}-input-files.xcfilelist",
			);
			name = "[CP] Embed Pods Frameworks";
			outputFileListPaths = (
				"${PODS_ROOT}/Target Support Files/Pods-AblyTest/Pods-AblyTest-frameworks-${CONFIGURATION}-output-files.xcfilelist",
			);
			runOnlyForDeploymentPostprocessing = 0;
			shellPath = /bin/sh;
			shellScript = "\"${PODS_ROOT}/Target Support Files/Pods-AblyTest/Pods-AblyTest-frameworks.sh\"\n";
			showEnvVarsInLog = 0;
		};
		D0F61F7550D4DD6FC2569FF9 /* [CP] Check Pods Manifest.lock */ = {
			isa = PBXShellScriptBuildPhase;
			buildActionMask = 2147483647;
			files = (
			);
			inputFileListPaths = (
			);
			inputPaths = (
				"${PODS_PODFILE_DIR_PATH}/Podfile.lock",
				"${PODS_ROOT}/Manifest.lock",
			);
			name = "[CP] Check Pods Manifest.lock";
			outputFileListPaths = (
			);
			outputPaths = (
				"$(DERIVED_FILE_DIR)/Pods-AblyTest-checkManifestLockResult.txt",
			);
			runOnlyForDeploymentPostprocessing = 0;
			shellPath = /bin/sh;
			shellScript = "diff \"${PODS_PODFILE_DIR_PATH}/Podfile.lock\" \"${PODS_ROOT}/Manifest.lock\" > /dev/null\nif [ $? != 0 ] ; then\n    # print error to STDERR\n    echo \"error: The sandbox is not in sync with the Podfile.lock. Run 'pod install' or update your CocoaPods installation.\" >&2\n    exit 1\nfi\n# This output is used by Xcode 'outputs' to avoid re-running this script phase.\necho \"SUCCESS\" > \"${SCRIPT_OUTPUT_FILE_0}\"\n";
			showEnvVarsInLog = 0;
		};
/* End PBXShellScriptBuildPhase section */

/* Begin PBXSourcesBuildPhase section */
		C183CAE026BFBF210074FDE8 /* Sources */ = {
			isa = PBXSourcesBuildPhase;
			buildActionMask = 2147483647;
			files = (
				C183CB1D26C015560074FDE8 /* GoodsCollectionViewCell.swift in Sources */,
				C183CB1626C004200074FDE8 /* HomeListViewModel.swift in Sources */,
				C183CB0526BFD6310074FDE8 /* Constants.swift in Sources */,
				C183CAE826BFBF210074FDE8 /* AppDelegate.swift in Sources */,
				C183CB1426C0039F0074FDE8 /* Goods.swift in Sources */,
				C183CB0E26C003680074FDE8 /* HomeList.swift in Sources */,
				C183CB1F26C015640074FDE8 /* BannerCollectionViewCell.swift in Sources */,
				C183CB0326BFD0D30074FDE8 /* TabBarController.swift in Sources */,
				C183CB1026C003890074FDE8 /* Banner.swift in Sources */,
				C1F744D426C3EEB100C23F1C /* ZzimListSingleton.swift in Sources */,
				C183CAFF26BFC9280074FDE8 /* HomeViewController.swift in Sources */,
				C1F744D626C41B2300C23F1C /* Util.swift in Sources */,
				C183CB1926C004810074FDE8 /* APIHelper.swift in Sources */,
				C183CB0126BFC9320074FDE8 /* ZzimViewController.swift in Sources */,
			);
			runOnlyForDeploymentPostprocessing = 0;
		};
/* End PBXSourcesBuildPhase section */

/* Begin PBXVariantGroup section */
		C183CAED26BFBF210074FDE8 /* Main.storyboard */ = {
			isa = PBXVariantGroup;
			children = (
				C183CAEE26BFBF210074FDE8 /* Base */,
			);
			name = Main.storyboard;
			sourceTree = "<group>";
		};
		C183CAF226BFBF230074FDE8 /* LaunchScreen.storyboard */ = {
			isa = PBXVariantGroup;
			children = (
				C183CAF326BFBF230074FDE8 /* Base */,
			);
			name = LaunchScreen.storyboard;
			sourceTree = "<group>";
		};
/* End PBXVariantGroup section */

/* Begin XCBuildConfiguration section */
		C183CAF626BFBF230074FDE8 /* Debug */ = {
			isa = XCBuildConfiguration;
			buildSettings = {
				ALWAYS_SEARCH_USER_PATHS = NO;
				CLANG_ANALYZER_NONNULL = YES;
				CLANG_ANALYZER_NUMBER_OBJECT_CONVERSION = YES_AGGRESSIVE;
				CLANG_CXX_LANGUAGE_STANDARD = "gnu++14";
				CLANG_CXX_LIBRARY = "libc++";
				CLANG_ENABLE_MODULES = YES;
				CLANG_ENABLE_OBJC_ARC = YES;
				CLANG_ENABLE_OBJC_WEAK = YES;
				CLANG_WARN_BLOCK_CAPTURE_AUTORELEASING = YES;
				CLANG_WARN_BOOL_CONVERSION = YES;
				CLANG_WARN_COMMA = YES;
				CLANG_WARN_CONSTANT_CONVERSION = YES;
				CLANG_WARN_DEPRECATED_OBJC_IMPLEMENTATIONS = YES;
				CLANG_WARN_DIRECT_OBJC_ISA_USAGE = YES_ERROR;
				CLANG_WARN_DOCUMENTATION_COMMENTS = YES;
				CLANG_WARN_EMPTY_BODY = YES;
				CLANG_WARN_ENUM_CONVERSION = YES;
				CLANG_WARN_INFINITE_RECURSION = YES;
				CLANG_WARN_INT_CONVERSION = YES;
				CLANG_WARN_NON_LITERAL_NULL_CONVERSION = YES;
				CLANG_WARN_OBJC_IMPLICIT_RETAIN_SELF = YES;
				CLANG_WARN_OBJC_LITERAL_CONVERSION = YES;
				CLANG_WARN_OBJC_ROOT_CLASS = YES_ERROR;
				CLANG_WARN_QUOTED_INCLUDE_IN_FRAMEWORK_HEADER = YES;
				CLANG_WARN_RANGE_LOOP_ANALYSIS = YES;
				CLANG_WARN_STRICT_PROTOTYPES = YES;
				CLANG_WARN_SUSPICIOUS_MOVE = YES;
				CLANG_WARN_UNGUARDED_AVAILABILITY = YES_AGGRESSIVE;
				CLANG_WARN_UNREACHABLE_CODE = YES;
				CLANG_WARN__DUPLICATE_METHOD_MATCH = YES;
				COPY_PHASE_STRIP = NO;
				DEBUG_INFORMATION_FORMAT = dwarf;
				ENABLE_STRICT_OBJC_MSGSEND = YES;
				ENABLE_TESTABILITY = YES;
				GCC_C_LANGUAGE_STANDARD = gnu11;
				GCC_DYNAMIC_NO_PIC = NO;
				GCC_NO_COMMON_BLOCKS = YES;
				GCC_OPTIMIZATION_LEVEL = 0;
				GCC_PREPROCESSOR_DEFINITIONS = (
					"DEBUG=1",
					"$(inherited)",
				);
				GCC_WARN_64_TO_32_BIT_CONVERSION = YES;
				GCC_WARN_ABOUT_RETURN_TYPE = YES_ERROR;
				GCC_WARN_UNDECLARED_SELECTOR = YES;
				GCC_WARN_UNINITIALIZED_AUTOS = YES_AGGRESSIVE;
				GCC_WARN_UNUSED_FUNCTION = YES;
				GCC_WARN_UNUSED_VARIABLE = YES;
				IPHONEOS_DEPLOYMENT_TARGET = 14.5;
				MTL_ENABLE_DEBUG_INFO = INCLUDE_SOURCE;
				MTL_FAST_MATH = YES;
				ONLY_ACTIVE_ARCH = YES;
				SDKROOT = iphoneos;
				SWIFT_ACTIVE_COMPILATION_CONDITIONS = DEBUG;
				SWIFT_OPTIMIZATION_LEVEL = "-Onone";
			};
			name = Debug;
		};
		C183CAF726BFBF230074FDE8 /* Release */ = {
			isa = XCBuildConfiguration;
			buildSettings = {
				ALWAYS_SEARCH_USER_PATHS = NO;
				CLANG_ANALYZER_NONNULL = YES;
				CLANG_ANALYZER_NUMBER_OBJECT_CONVERSION = YES_AGGRESSIVE;
				CLANG_CXX_LANGUAGE_STANDARD = "gnu++14";
				CLANG_CXX_LIBRARY = "libc++";
				CLANG_ENABLE_MODULES = YES;
				CLANG_ENABLE_OBJC_ARC = YES;
				CLANG_ENABLE_OBJC_WEAK = YES;
				CLANG_WARN_BLOCK_CAPTURE_AUTORELEASING = YES;
				CLANG_WARN_BOOL_CONVERSION = YES;
				CLANG_WARN_COMMA = YES;
				CLANG_WARN_CONSTANT_CONVERSION = YES;
				CLANG_WARN_DEPRECATED_OBJC_IMPLEMENTATIONS = YES;
				CLANG_WARN_DIRECT_OBJC_ISA_USAGE = YES_ERROR;
				CLANG_WARN_DOCUMENTATION_COMMENTS = YES;
				CLANG_WARN_EMPTY_BODY = YES;
				CLANG_WARN_ENUM_CONVERSION = YES;
				CLANG_WARN_INFINITE_RECURSION = YES;
				CLANG_WARN_INT_CONVERSION = YES;
				CLANG_WARN_NON_LITERAL_NULL_CONVERSION = YES;
				CLANG_WARN_OBJC_IMPLICIT_RETAIN_SELF = YES;
				CLANG_WARN_OBJC_LITERAL_CONVERSION = YES;
				CLANG_WARN_OBJC_ROOT_CLASS = YES_ERROR;
				CLANG_WARN_QUOTED_INCLUDE_IN_FRAMEWORK_HEADER = YES;
				CLANG_WARN_RANGE_LOOP_ANALYSIS = YES;
				CLANG_WARN_STRICT_PROTOTYPES = YES;
				CLANG_WARN_SUSPICIOUS_MOVE = YES;
				CLANG_WARN_UNGUARDED_AVAILABILITY = YES_AGGRESSIVE;
				CLANG_WARN_UNREACHABLE_CODE = YES;
				CLANG_WARN__DUPLICATE_METHOD_MATCH = YES;
				COPY_PHASE_STRIP = NO;
				DEBUG_INFORMATION_FORMAT = "dwarf-with-dsym";
				ENABLE_NS_ASSERTIONS = NO;
				ENABLE_STRICT_OBJC_MSGSEND = YES;
				GCC_C_LANGUAGE_STANDARD = gnu11;
				GCC_NO_COMMON_BLOCKS = YES;
				GCC_WARN_64_TO_32_BIT_CONVERSION = YES;
				GCC_WARN_ABOUT_RETURN_TYPE = YES_ERROR;
				GCC_WARN_UNDECLARED_SELECTOR = YES;
				GCC_WARN_UNINITIALIZED_AUTOS = YES_AGGRESSIVE;
				GCC_WARN_UNUSED_FUNCTION = YES;
				GCC_WARN_UNUSED_VARIABLE = YES;
				IPHONEOS_DEPLOYMENT_TARGET = 14.5;
				MTL_ENABLE_DEBUG_INFO = NO;
				MTL_FAST_MATH = YES;
				SDKROOT = iphoneos;
				SWIFT_COMPILATION_MODE = wholemodule;
				SWIFT_OPTIMIZATION_LEVEL = "-O";
				VALIDATE_PRODUCT = YES;
			};
			name = Release;
		};
		C183CAF926BFBF230074FDE8 /* Debug */ = {
			isa = XCBuildConfiguration;
			baseConfigurationReference = 8B27AA5D2D6936A456680FEE /* Pods-AblyTest.debug.xcconfig */;
			buildSettings = {
				ASSETCATALOG_COMPILER_APPICON_NAME = AppIcon;
				ASSETCATALOG_COMPILER_GLOBAL_ACCENT_COLOR_NAME = "";
				CODE_SIGN_STYLE = Automatic;
				INFOPLIST_FILE = AblyTest/Info.plist;
				IPHONEOS_DEPLOYMENT_TARGET = 12.1;
				LD_RUNPATH_SEARCH_PATHS = (
					"$(inherited)",
					"@executable_path/Frameworks",
				);
				PRODUCT_BUNDLE_IDENTIFIER = com.yjjang.AblyTest;
				PRODUCT_NAME = "$(TARGET_NAME)";
				SWIFT_VERSION = 5.0;
				TARGETED_DEVICE_FAMILY = "1,2";
			};
			name = Debug;
		};
		C183CAFA26BFBF230074FDE8 /* Release */ = {
			isa = XCBuildConfiguration;
			baseConfigurationReference = 532DC6D2276EFE2064975FE3 /* Pods-AblyTest.release.xcconfig */;
			buildSettings = {
				ASSETCATALOG_COMPILER_APPICON_NAME = AppIcon;
				ASSETCATALOG_COMPILER_GLOBAL_ACCENT_COLOR_NAME = "";
				CODE_SIGN_STYLE = Automatic;
				INFOPLIST_FILE = AblyTest/Info.plist;
				IPHONEOS_DEPLOYMENT_TARGET = 12.1;
				LD_RUNPATH_SEARCH_PATHS = (
					"$(inherited)",
					"@executable_path/Frameworks",
				);
				PRODUCT_BUNDLE_IDENTIFIER = com.yjjang.AblyTest;
				PRODUCT_NAME = "$(TARGET_NAME)";
				SWIFT_VERSION = 5.0;
				TARGETED_DEVICE_FAMILY = "1,2";
			};
			name = Release;
		};
/* End XCBuildConfiguration section */

/* Begin XCConfigurationList section */
		C183CADF26BFBF210074FDE8 /* Build configuration list for PBXProject "AblyTest" */ = {
			isa = XCConfigurationList;
			buildConfigurations = (
				C183CAF626BFBF230074FDE8 /* Debug */,
				C183CAF726BFBF230074FDE8 /* Release */,
			);
			defaultConfigurationIsVisible = 0;
			defaultConfigurationName = Release;
		};
		C183CAF826BFBF230074FDE8 /* Build configuration list for PBXNativeTarget "AblyTest" */ = {
			isa = XCConfigurationList;
			buildConfigurations = (
				C183CAF926BFBF230074FDE8 /* Debug */,
				C183CAFA26BFBF230074FDE8 /* Release */,
			);
			defaultConfigurationIsVisible = 0;
			defaultConfigurationName = Release;
		};
/* End XCConfigurationList section */
	};
	rootObject = C183CADC26BFBF210074FDE8 /* Project object */;
}
